
Microsoft Visual Studio Solution File, Format Version 12.00
# Visual Studio 15
VisualStudioVersion = 15.0.26124.0
MinimumVisualStudioVersion = 15.0.26124.0
Project("{FAE04EC0-301F-11D3-BF4B-00C04F79EFBC}") = "Sales", "Sales\Sales.csproj", "{018A96A1-C587-43C6-BB9C-12AB654F6CC6}"
EndProject
Project("{2150E333-8FDC-42A3-9474-1A3956D46DE8}") = "Sales", "Sales", "{7D57F573-B99C-45B1-A5C3-5710F7E4083B}"
EndProject
Global
	GlobalSection(SolutionConfigurationPlatforms) = preSolution
		Debug|Any CPU = Debug|Any CPU
		Debug|x64 = Debug|x64
		Debug|x86 = Debug|x86
		Release|Any CPU = Release|Any CPU
		Release|x64 = Release|x64
		Release|x86 = Release|x86
	EndGlobalSection
	GlobalSection(SolutionProperties) = preSolution
		HideSolutionNode = FALSE
	EndGlobalSection
	GlobalSection(ProjectConfigurationPlatforms) = postSolution
		{018A96A1-C587-43C6-BB9C-12AB654F6CC6}.Debug|Any CPU.ActiveCfg = Debug|Any CPU
		{018A96A1-C587-43C6-BB9C-12AB654F6CC6}.Debug|Any CPU.Build.0 = Debug|Any CPU
		{018A96A1-C587-43C6-BB9C-12AB654F6CC6}.Debug|x64.ActiveCfg = Debug|Any CPU
		{018A96A1-C587-43C6-BB9C-12AB654F6CC6}.Debug|x64.Build.0 = Debug|Any CPU
		{018A96A1-C587-43C6-BB9C-12AB654F6CC6}.Debug|x86.ActiveCfg = Debug|Any CPU
		{018A96A1-C587-43C6-BB9C-12AB654F6CC6}.Debug|x86.Build.0 = Debug|Any CPU
		{018A96A1-C587-43C6-BB9C-12AB654F6CC6}.Release|Any CPU.ActiveCfg = Release|Any CPU
		{018A96A1-C587-43C6-BB9C-12AB654F6CC6}.Release|Any CPU.Build.0 = Release|Any CPU
		{018A96A1-C587-43C6-BB9C-12AB654F6CC6}.Release|x64.ActiveCfg = Release|Any CPU
		{018A96A1-C587-43C6-BB9C-12AB654F6CC6}.Release|x64.Build.0 = Release|Any CPU
		{018A96A1-C587-43C6-BB9C-12AB654F6CC6}.Release|x86.ActiveCfg = Release|Any CPU
		{018A96A1-C587-43C6-BB9C-12AB654F6CC6}.Release|x86.Build.0 = Release|Any CPU
	EndGlobalSection
	GlobalSection(NestedProjects) = preSolution
		{018A96A1-C587-43C6-BB9C-12AB654F6CC6} = {7D57F573-B99C-45B1-A5C3-5710F7E4083B}
	EndGlobalSection
EndGlobal
